
Microsoft Visual Studio Solution File, Format Version 12.00
# Visual Studio Version 17
VisualStudioVersion = 17.14.36221.1 d17.14
MinimumVisualStudioVersion = 10.0.40219.1
Project("{FAE04EC0-301F-11D3-BF4B-00C04F79EFBC}") = "BatteryDemo", "BatteryDemo\BatteryDemo.csproj", "{DC97776F-63E0-4ECD-A6F9-E435EBA7A373}"
EndProject
Global
	GlobalSection(SolutionConfigurationPlatforms) = preSolution
		Debug|Any CPU = Debug|Any CPU
		Release|Any CPU = Release|Any CPU
	EndGlobalSection
	GlobalSection(ProjectConfigurationPlatforms) = postSolution
		{DC97776F-63E0-4ECD-A6F9-E435EBA7A373}.Debug|Any CPU.ActiveCfg = Debug|Any CPU
		{DC97776F-63E0-4ECD-A6F9-E435EBA7A373}.Debug|Any CPU.Build.0 = Debug|Any CPU
		{DC97776F-63E0-4ECD-A6F9-E435EBA7A373}.Release|Any CPU.ActiveCfg = Release|Any CPU
		{DC97776F-63E0-4ECD-A6F9-E435EBA7A373}.Release|Any CPU.Build.0 = Release|Any CPU
	EndGlobalSection
	GlobalSection(SolutionProperties) = preSolution
		HideSolutionNode = FALSE
	EndGlobalSection
	GlobalSection(ExtensibilityGlobals) = postSolution
		SolutionGuid = {CF04AE79-A687-40FB-9048-37B1D970B64F}
	EndGlobalSection
EndGlobal
